lockfileVersion: '9.0'

settings:
  autoInstallPeers: true
  excludeLinksFromLockfile: false

importers:

  .:
    devDependencies:
      '@trivago/prettier-plugin-sort-imports':
        specifier: ^5.2.1
        version: 5.2.1(prettier@3.4.2)
      '@types/node':
        specifier: ^22.10.7
        version: 22.10.7
      husky:
        specifier: ^9.1.7
        version: 9.1.7
      nx:
        specifier: 20.3.1
        version: 20.3.1
      prettier:
        specifier: ^3.4.2
        version: 3.4.2
      prettier-plugin-toml:
        specifier: ^2.0.1
        version: 2.0.1(prettier@3.4.2)
      surya:
        specifier: ^0.4.12
        version: 0.4.12
      ts-node:
        specifier: ^10.9.2
        version: 10.9.2(@types/node@22.10.7)(typescript@5.7.3)
      typescript:
        specifier: ^5.7.3
        version: 5.7.3

packages:

  '@babel/code-frame@7.26.2':
    resolution: {integrity: sha512-RJlIHRueQgwWitWgF8OdFYGZX328Ax5BCemNGlqHfplnRT9ESi8JkFlvaVYbS+UubVY6dpv87Fs2u5M29iNFVQ==}
    engines: {node: '>=6.9.0'}

  '@babel/generator@7.26.5':
    resolution: {integrity: sha512-2caSP6fN9I7HOe6nqhtft7V4g7/V/gfDsC3Ag4W7kEzzvRGKqiv0pu0HogPiZ3KaVSoNDhUws6IJjDjpfmYIXw==}
    engines: {node: '>=6.9.0'}

  '@babel/helper-string-parser@7.25.9':
    resolution: {integrity: sha512-4A/SCr/2KLd5jrtOMFzaKjVtAei3+2r/NChoBNoZ3EyP/+GlhoaEGoWOZUmFmoITP7zOJyHIMm+DYRd8o3PvHA==}
    engines: {node: '>=6.9.0'}

  '@babel/helper-validator-identifier@7.25.9':
    resolution: {integrity: sha512-Ed61U6XJc3CVRfkERJWDz4dJwKe7iLmmJsbOGu9wSloNSFttHV0I8g6UAgb7qnK5ly5bGLPd4oXZlxCdANBOWQ==}
    engines: {node: '>=6.9.0'}

  '@babel/parser@7.26.5':
    resolution: {integrity: sha512-SRJ4jYmXRqV1/Xc+TIVG84WjHBXKlxO9sHQnA2Pf12QQEAp1LOh6kDzNHXcUnbH1QI0FDoPPVOt+vyUDucxpaw==}
    engines: {node: '>=6.0.0'}
    hasBin: true

  '@babel/template@7.25.9':
    resolution: {integrity: sha512-9DGttpmPvIxBb/2uwpVo3dqJ+O6RooAFOS+lB+xDqoE2PVCE8nfoHMdZLpfCQRLwvohzXISPZcgxt80xLfsuwg==}
    engines: {node: '>=6.9.0'}

  '@babel/traverse@7.26.5':
    resolution: {integrity: sha512-rkOSPOw+AXbgtwUga3U4u8RpoK9FEFWBNAlTpcnkLFjL5CT+oyHNuUUC/xx6XefEJ16r38r8Bc/lfp6rYuHeJQ==}
    engines: {node: '>=6.9.0'}

  '@babel/types@7.26.5':
    resolution: {integrity: sha512-L6mZmwFDK6Cjh1nRCLXpa6no13ZIioJDz7mdkzHv399pThrTa/k0nUlNaenOeh2kWu/iaOQYElEpKPUswUa9Vg==}
    engines: {node: '>=6.9.0'}

  '@cspotcode/source-map-support@0.8.1':
    resolution: {integrity: sha512-IchNf6dN4tHoMFIn/7OE8LWZ19Y6q/67Bmf6vnGREv8RSbBVb9LPJxEcnwrcwX6ixSvaiGoomAUvu4YSxXrVgw==}
    engines: {node: '>=12'}

  '@emnapi/core@1.3.1':
    resolution: {integrity: sha512-pVGjBIt1Y6gg3EJN8jTcfpP/+uuRksIo055oE/OBkDNcjZqVbfkWCksG1Jp4yZnj3iKWyWX8fdG/j6UDYPbFog==}

  '@emnapi/runtime@1.3.1':
    resolution: {integrity: sha512-kEBmG8KyqtxJZv+ygbEim+KCGtIq1fC22Ms3S4ziXmYKm8uyoLX0MHONVKwp+9opg390VaKRNt4a7A9NwmpNhw==}

  '@emnapi/wasi-threads@1.0.1':
    resolution: {integrity: sha512-iIBu7mwkq4UQGeMEM8bLwNK962nXdhodeScX4slfQnRhEMMzvYivHhutCIk8uojvmASXXPC2WNEjwxFWk72Oqw==}

  '@jest/schemas@29.6.3':
    resolution: {integrity: sha512-mo5j5X+jIZmJQveBKeS/clAueipV7KgiX1vMgCxam1RNYiqE1w62n0/tJJnHtjW8ZHcQco5gY85jA3mi0L+nSA==}
    engines: {node: ^14.15.0 || ^16.10.0 || >=18.0.0}

  '@jridgewell/gen-mapping@0.3.8':
    resolution: {integrity: sha512-imAbBGkb+ebQyxKgzv5Hu2nmROxoDOXHh80evxdoXNOrvAnVx7zimzc1Oo5h9RlfV4vPXaE2iM5pOFbvOCClWA==}
    engines: {node: '>=6.0.0'}

  '@jridgewell/resolve-uri@3.1.2':
    resolution: {integrity: sha512-bRISgCIjP20/tbWSPWMEi54QVPRZExkuD9lJL+UIxUKtwVJA8wW1Trb1jMs1RFXo1CBTNZ/5hpC9QvmKWdopKw==}
    engines: {node: '>=6.0.0'}

  '@jridgewell/set-array@1.2.1':
    resolution: {integrity: sha512-R8gLRTZeyp03ymzP/6Lil/28tGeGEzhx1q2k703KGWRAI1VdvPIXdG70VJc2pAMw3NA6JKL5hhFu1sJX0Mnn/A==}
    engines: {node: '>=6.0.0'}

  '@jridgewell/sourcemap-codec@1.5.0':
    resolution: {integrity: sha512-gv3ZRaISU3fjPAgNsriBRqGWQL6quFx04YMPW/zD8XMLsU32mhCCbfbO6KZFLjvYpCZ8zyDEgqsgf+PwPaM7GQ==}

  '@jridgewell/trace-mapping@0.3.25':
    resolution: {integrity: sha512-vNk6aEwybGtawWmy/PzwnGDOjCkLWSD2wqvjGGAgOAwCGWySYXfYoxt00IJkTF+8Lb57DwOb3Aa0o9CApepiYQ==}

  '@jridgewell/trace-mapping@0.3.9':
    resolution: {integrity: sha512-3Belt6tdc8bPgAtbcmdtNJlirVoTmEb5e2gC94PnkwEW9jI6CAHUeoG85tjWP5WquqfavoMtMwiG4P926ZKKuQ==}

  '@napi-rs/wasm-runtime@0.2.4':
    resolution: {integrity: sha512-9zESzOO5aDByvhIAsOy9TbpZ0Ur2AJbUI7UT73kcUTS2mxAMHOBaa1st/jAymNoCtvrit99kkzT1FZuXVcgfIQ==}

  '@nx/nx-darwin-arm64@20.3.1':
    resolution: {integrity: sha512-bx++T9/8l4PK1yDTxPnROT7RG8CkWGkxKC0D7xlS/YQzE7CelDfgNYu0Bd7upZF4gafW2Uz3dd3j6WhvZLxbbg==}
    engines: {node: '>= 10'}
    cpu: [arm64]
    os: [darwin]

  '@nx/nx-darwin-x64@20.3.1':
    resolution: {integrity: sha512-elg2GiSivMHU1iLFYZ+FojM2V/FmTlC8e5FKM6nZ+bIqeoBoJm8Rxxe/kEtcsPdvjj+YiKSmXOP9s45DJb9WWw==}
    engines: {node: '>= 10'}
    cpu: [x64]
    os: [darwin]

  '@nx/nx-freebsd-x64@20.3.1':
    resolution: {integrity: sha512-1iKZOCcU7bVAC2kdoukfJ7AOTLBhm69+vPff3HCJQ0DI/5ZbmiaPeBMsAVFtJ0jFGix8yYIhgvtXgDEfbXXRFQ==}
    engines: {node: '>= 10'}
    cpu: [x64]
    os: [freebsd]

  '@nx/nx-linux-arm-gnueabihf@20.3.1':
    resolution: {integrity: sha512-LAteJ1/mWYdvj7zpXuWRUq1lvUiV6YVXCdFK3+7lDW+qvW3bb5zzUwbVDAF/pPeTjBrsdHDzSWOCLm/LKtYtMw==}
    engines: {node: '>= 10'}
    cpu: [arm]
    os: [linux]

  '@nx/nx-linux-arm64-gnu@20.3.1':
    resolution: {integrity: sha512-2Qf+6NcAeODELyJR+V9hjC9kl2DwJTdI7Bw+BuiyXftfPHvZ86P//FC8kPjNaJCEEm/ZStP6Jcb1zlp4Eo2wBw==}
    engines: {node: '>= 10'}
    cpu: [arm64]
    os: [linux]

  '@nx/nx-linux-arm64-musl@20.3.1':
    resolution: {integrity: sha512-8S8jlN6GFQpRakZ2ZVWq6eFnLVrEObIaxnYD0QMbsMf+qiedDJt+cDh1xebcPRvgpSgJVlJ8P6hun5+K/FiQDQ==}
    engines: {node: '>= 10'}
    cpu: [arm64]
    os: [linux]

  '@nx/nx-linux-x64-gnu@20.3.1':
    resolution: {integrity: sha512-qC2On2qwYCtn/Kt8epvUn0H3NY6zG9yYhiNjkm6RvVTDmvogFQ4gtfiWSRP/EnabCRqM8FACDIO/ws5CnRBX+Q==}
    engines: {node: '>= 10'}
    cpu: [x64]
    os: [linux]

  '@nx/nx-linux-x64-musl@20.3.1':
    resolution: {integrity: sha512-KKwHSfV1PEKW82eJ8vxZTPepoaLbaXH/aI0VOKZbBO4ytGyGUr9wFuWPsyo06rK7qtSD7w9bN7xpiBGQk0QTsg==}
    engines: {node: '>= 10'}
    cpu: [x64]
    os: [linux]

  '@nx/nx-win32-arm64-msvc@20.3.1':
    resolution: {integrity: sha512-YujkXXHn9rhtwZRDxiaxSPOMX7JkfGmXAFdyEfxhE3Dc/HjFgI+xJZ478/atttR7DWIwGpQJVLpbFWbFFpoNNg==}
    engines: {node: '>= 10'}
    cpu: [arm64]
    os: [win32]

  '@nx/nx-win32-x64-msvc@20.3.1':
    resolution: {integrity: sha512-Os8iCamvHhE5noQKFE9D9xkiI529918tufTYmEhJ9ZmLU/ybVA0We6r7gXjYzdNfA3DtwfGXvNvUpy3u+pZXOg==}
    engines: {node: '>= 10'}
    cpu: [x64]
    os: [win32]

  '@sinclair/typebox@0.27.8':
    resolution: {integrity: sha512-+Fj43pSMwJs4KRrH/938Uf+uAELIgVBmQzg/q1YG10djyfA3TnrU8N8XzqCh/okZdszqBQTZf96idMfE5lnwTA==}

  '@solidity-parser/parser@0.16.2':
    resolution: {integrity: sha512-PI9NfoA3P8XK2VBkK5oIfRgKDsicwDZfkVq9ZTBCQYGOP1N2owgY2dyLGyU5/J/hQs8KRk55kdmvTLjy3Mu3vg==}

  '@taplo/core@0.1.1':
    resolution: {integrity: sha512-BG/zLGf5wiNXGEVPvUAAX/4ilB3PwDUY2o0MV0y47mZbDZ9ad9UK/cIQsILat3bqbPJsALVbU6k3cskNZ3vAQg==}

  '@taplo/lib@0.4.0-alpha.2':
    resolution: {integrity: sha512-DV/Re3DPVY+BhBtLZ3dmP4mP6YMLSsgq9qGLXwOV38lvNF/fBlgvQswzlXmzCEefL/3q2eMoefZpOI/+GLuCNA==}

  '@trivago/prettier-plugin-sort-imports@5.2.1':
    resolution: {integrity: sha512-NDZndt0fmVThIx/8cExuJHLZagUVzfGCoVrwH9x6aZvwfBdkrDFTYujecek6X2WpG4uUFsVaPg5+aNQPSyjcmw==}
    engines: {node: '>18.12'}
    peerDependencies:
      '@vue/compiler-sfc': 3.x
      prettier: 2.x - 3.x
      prettier-plugin-svelte: 3.x
      svelte: 4.x || 5.x
    peerDependenciesMeta:
      '@vue/compiler-sfc':
        optional: true
      prettier-plugin-svelte:
        optional: true
      svelte:
        optional: true

  '@tsconfig/node10@1.0.11':
    resolution: {integrity: sha512-DcRjDCujK/kCk/cUe8Xz8ZSpm8mS3mNNpta+jGCA6USEDfktlNvm1+IuZ9eTcDbNk41BHwpHHeW+N1lKCz4zOw==}

  '@tsconfig/node12@1.0.11':
    resolution: {integrity: sha512-cqefuRsh12pWyGsIoBKJA9luFu3mRxCA+ORZvA4ktLSzIuCUtWVxGIuXigEwO5/ywWFMZ2QEGKWvkZG1zDMTag==}

  '@tsconfig/node14@1.0.3':
    resolution: {integrity: sha512-ysT8mhdixWK6Hw3i1V2AeRqZ5WfXg1G43mqoYlM2nc6388Fq5jcXyr5mRsqViLx/GJYdoL0bfXD8nmF+Zn/Iow==}

  '@tsconfig/node16@1.0.4':
    resolution: {integrity: sha512-vxhUy4J8lyeyinH7Azl1pdd43GJhZH/tP2weN8TntQblOY+A0XbT8DJk1/oCPuOOyg/Ja757rG0CgHcWC8OfMA==}

  '@tybys/wasm-util@0.9.0':
    resolution: {integrity: sha512-6+7nlbMVX/PVDCwaIQ8nTOPveOcFLSt8GcXdx8hD0bt39uWxYT88uXzqTd4fTvqta7oeUJqudepapKNt2DYJFw==}

  '@types/node@22.10.7':
    resolution: {integrity: sha512-V09KvXxFiutGp6B7XkpaDXlNadZxrzajcY50EuoLIpQ6WWYCSvf19lVIazzfIzQvhUN2HjX12spLojTnhuKlGg==}

  '@yarnpkg/lockfile@1.1.0':
    resolution: {integrity: sha512-GpSwvyXOcOOlV70vbnzjj4fW5xW/FdUF6nQEt1ENy7m4ZCczi1+/buVUPAqmGfqznsORNFzUMjctTIp8a9tuCQ==}

  '@yarnpkg/parsers@3.0.2':
    resolution: {integrity: sha512-/HcYgtUSiJiot/XWGLOlGxPYUG65+/31V8oqk17vZLW1xlCoR4PampyePljOxY2n8/3jz9+tIFzICsyGujJZoA==}
    engines: {node: '>=18.12.0'}

  '@zkochan/js-yaml@0.0.7':
    resolution: {integrity: sha512-nrUSn7hzt7J6JWgWGz78ZYI8wj+gdIJdk0Ynjpp8l+trkn58Uqsf6RYrYkEK+3X18EX+TNdtJI0WxAtc+L84SQ==}
    hasBin: true

  acorn-walk@8.3.4:
    resolution: {integrity: sha512-ueEepnujpqee2o5aIYnvHU6C0A42MNdsIDeqy5BydrkuC5R1ZuUFnm27EeFJGoEHJQgn3uleRvmTXaJgfXbt4g==}
    engines: {node: '>=0.4.0'}

  acorn@8.14.0:
    resolution: {integrity: sha512-cl669nCJTZBsL97OF4kUQm5g5hC2uihk0NxY3WENAC0TYdILVkAyHymAntgxGkl7K+t0cXIrH5siy5S4XkFycA==}
    engines: {node: '>=0.4.0'}
    hasBin: true

  ansi-colors@4.1.3:
    resolution: {integrity: sha512-/6w/C21Pm1A7aZitlI5Ni/2J6FFQN8i1Cvz3kHABAAbw93v/NlvKdVOqz7CCWz/3iv/JplRSEEZ83XION15ovw==}
    engines: {node: '>=6'}

  ansi-regex@5.0.1:
    resolution: {integrity: sha512-quJQXlTSUGL2LH9SUXo8VwsY4soanhgo6LNSm84E1LBcE8s3O0wpdiRzyR9z/ZZJMlMWv37qOOb9pdJlMUEKFQ==}
    engines: {node: '>=8'}

  ansi-styles@4.3.0:
    resolution: {integrity: sha512-zbB9rCJAT1rbjiVDb2hqKFHNYLxgtk8NURxZ3IZwD3F6NtxbXZQCnnSi1Lkx+IDohdPlFp222wVALIheZJQSEg==}
    engines: {node: '>=8'}

  ansi-styles@5.2.0:
    resolution: {integrity: sha512-Cxwpt2SfTzTtXcfOlzGEee8O+c+MmUgGrNiBcXnuWxuFJHe6a5Hz7qwhwe5OgaSYI0IJvkLqWX1ASG+cJOkEiA==}
    engines: {node: '>=10'}

  antlr4ts@0.5.0-alpha.4:
    resolution: {integrity: sha512-WPQDt1B74OfPv/IMS2ekXAKkTZIHl88uMetg6q3OTqgFxZ/dxDXI0EWLyZid/1Pe6hTftyg5N7gel5wNAGxXyQ==}

  arg@4.1.3:
    resolution: {integrity: sha512-58S9QDqG0Xx27YwPSt9fJxivjYl432YCwfDMfZ+71RAqUrZef7LrKQZ3LHLOwCS4FLNBplP533Zx895SeOCHvA==}

  argparse@1.0.10:
    resolution: {integrity: sha512-o5Roy6tNG4SL/FOkCAN6RzjiakZS25RLYFrcMttJqbdd8BWrnA+fGz57iN5Pb06pvBGvl5gQ0B48dJlslXvoTg==}

  argparse@2.0.1:
    resolution: {integrity: sha512-8+9WqebbFzpX9OR+Wa6O29asIogeRMzcGtAINdpMHHyAg10f05aSFVBbcEqGf/PXw1EjAZ+q2/bEBg3DvurK3Q==}

  asynckit@0.4.0:
    resolution: {integrity: sha512-Oei9OH4tRh0YqU3GxhX79dM/mwVgvbZJaSNaRk+bshkj0S5cfHcgYakreBjrHwatXKbz+IoIdYLxrKim2MjW0Q==}

  axios@1.7.9:
    resolution: {integrity: sha512-LhLcE7Hbiryz8oMDdDptSrWowmB4Bl6RCt6sIJKpRB4XtVf0iEgewX3au/pJqm+Py1kCASkb/FFKjxQaLtxJvw==}

  balanced-match@1.0.2:
    resolution: {integrity: sha512-3oSeUO0TMV67hN1AmbXsK4yaqU7tjiHlbxRDZOpH0KW9+CeX4bRAaX0Anxt0tx2MrpRpWwQaPwIlISEJhYU5Pw==}

  base64-js@1.5.1:
    resolution: {integrity: sha512-AKpaYlHn8t4SVbOHCy+b5+KKgvR4vrsD8vbvrbiQJps7fKDTkjkDry6ji0rUJjC0kzbNePLwzxq8iypo41qeWA==}

  bl@4.1.0:
    resolution: {integrity: sha512-1W07cM9gS6DcLperZfFSj+bWLtaPGSOHWhPiGzXmvVJbRLdG82sH/Kn8EtW1VqWVA54AKf2h5k5BbnIbwF3h6w==}

  brace-expansion@2.0.1:
    resolution: {integrity: sha512-XnAIvQ8eM+kC6aULx6wuQiwVsnzsi9d3WxzV3FpWTGA19F621kwdbsAcFKXgKUHZWsy+mY6iL1sHTxWEFCytDA==}

  buffer@5.7.1:
    resolution: {integrity: sha512-EHcyIPBQ4BSGlvjB16k5KgAJ27CIsHY/2JBmCRReo48y9rQ3MaUzWX3KVlBa4U7MyX02HdVj0K7C3WaB3ju7FQ==}

  c3-linearization@0.3.0:
    resolution: {integrity: sha512-eQNsZQhFSJAhrNrITy2FpKh7EHS98q/pniDtQhndWqqsvayiPeqZ9T6I9V9PsHcm0nc+ZYJHKUvI/hh37I33HQ==}

  chalk@4.1.2:
    resolution: {integrity: sha512-oKnbhFyRIXpUuez8iBMmyEa4nbj4IOQyuhc/wy9kY7/WVPcwIO9VA668Pu8RkO7+0G76SLROeyw9CpQ061i4mA==}
    engines: {node: '>=10'}

  cli-cursor@3.1.0:
    resolution: {integrity: sha512-I/zHAwsKf9FqGoXM4WWRACob9+SNukZTd94DWF57E4toouRulbCxcUh6RKUEOQlYTHJnzkPMySvPNaaSLNfLZw==}
    engines: {node: '>=8'}

  cli-spinners@2.6.1:
    resolution: {integrity: sha512-x/5fWmGMnbKQAaNwN+UZlV79qBLM9JFnJuJ03gIi5whrob0xV0ofNVHy9DhwGdsMJQc2OKv0oGmLzvaqvAVv+g==}
    engines: {node: '>=6'}

  cliui@8.0.1:
    resolution: {integrity: sha512-BSeNnyus75C4//NQ9gQt1/csTXyo/8Sb+afLAkzAptFuMsod9HFokGNudZpi/oQV73hnVK+sR+5PVRMd+Dr7YQ==}
    engines: {node: '>=12'}

  clone@1.0.4:
    resolution: {integrity: sha512-JQHZ2QMW6l3aH/j6xCqQThY/9OH4D/9ls34cgkUBiEeocRTU04tHfKPBsUK1PqZCUQM7GiA0IIXJSuXHI64Kbg==}
    engines: {node: '>=0.8'}

  color-convert@2.0.1:
    resolution: {integrity: sha512-RRECPsj7iu/xb5oKYcsFHSppFNnsj/52OVTRKb4zP5onXwVF3zVmmToNcOfGC+CRDpfK/U584fMg38ZHCaElKQ==}
    engines: {node: '>=7.0.0'}

  color-name@1.1.4:
    resolution: {integrity: sha512-dOy+3AuW3a2wNbZHIuMZpTcgjGuLU/uBL/ubcZF9OXbDo8ff4O8yVp5Bf0efS8uEoYo5q4Fx7dY9OgQGXgAsQA==}

  colors@1.4.0:
    resolution: {integrity: sha512-a+UqTh4kgZg/SlGvfbzDHpgRu7AAQOmmqRHJnxhRZICKFUT91brVhNNt58CMWU9PsBbv3PDCZUHbVxuDiH2mtA==}
    engines: {node: '>=0.1.90'}

  combined-stream@1.0.8:
    resolution: {integrity: sha512-FQN4MRfuJeHf7cBbBMJFXhKSDq+2kAArBlmRBvcvFE5BB1HZKXtSFASDhdlz9zOYwxh8lDdnvmMOe/+5cdoEdg==}
    engines: {node: '>= 0.8'}

  create-require@1.1.1:
    resolution: {integrity: sha512-dcKFX3jn0MpIaXjisoRvexIJVEKzaq7z2rZKxf+MSr9TkdmHmsU4m2lcLojrj/FHl8mk5VxMmYA+ftRkP/3oKQ==}

  debug@4.4.0:
    resolution: {integrity: sha512-6WTZ/IxCY/T6BALoZHaE4ctp9xm+Z5kY/pzYaCHRFeyVhojxlrm+46y68HA6hr0TcwEssoxNiDEUJQjfPZ/RYA==}
    engines: {node: '>=6.0'}
    peerDependencies:
      supports-color: '*'
    peerDependenciesMeta:
      supports-color:
        optional: true

  defaults@1.0.4:
    resolution: {integrity: sha512-eFuaLoy/Rxalv2kr+lqMlUnrDWV+3j4pljOIJgLIhI058IQfWJ7vXhyEIHu+HtC738klGALYxOKDO0bQP3tg8A==}

  define-lazy-prop@2.0.0:
    resolution: {integrity: sha512-Ds09qNh8yw3khSjiJjiUInaGX9xlqZDY7JVryGxdxV7NPeuqQfplOpQ66yJFZut3jLa5zOwkXw1g9EI2uKh4Og==}
    engines: {node: '>=8'}

  delayed-stream@1.0.0:
    resolution: {integrity: sha512-ZySD7Nf91aLB0RxL4KGrKHBXl7Eds1DAmEdcoVawXnLD7SDhpNgtuII2aAkg7a7QS41jxPSZ17p4VdGnMHk3MQ==}
    engines: {node: '>=0.4.0'}

  diff-sequences@29.6.3:
    resolution: {integrity: sha512-EjePK1srD3P08o2j4f0ExnylqRs5B9tJjcp9t1krH2qRi8CCdsYfwe9JgSLurFBWwq4uOlipzfk5fHNvwFKr8Q==}
    engines: {node: ^14.15.0 || ^16.10.0 || >=18.0.0}

  diff@4.0.2:
    resolution: {integrity: sha512-58lmxKSA4BNyLz+HHMUzlOEpg09FV+ev6ZMe3vJihgdxzgcwZ8VoEEPmALCZG9LmqfVoNMMKpttIYTVG6uDY7A==}
    engines: {node: '>=0.3.1'}

  dotenv-expand@11.0.7:
    resolution: {integrity: sha512-zIHwmZPRshsCdpMDyVsqGmgyP0yT8GAgXUnkdAoJisxvf33k7yO6OuoKmcTGuXPWSsm8Oh88nZicRLA9Y0rUeA==}
    engines: {node: '>=12'}

  dotenv@16.4.7:
    resolution: {integrity: sha512-47qPchRCykZC03FhkYAhrvwU4xDBFIj1QPqaarj6mdM/hgUzfPHcpkHJOn3mJAufFeeAxAzeGsr5X0M4k6fLZQ==}
    engines: {node: '>=12'}

  emoji-regex@8.0.0:
    resolution: {integrity: sha512-MSjYzcWNOA0ewAHpz0MxpYFvwg6yjy1NG3xteoqz644VCo/RPgnr1/GGt+ic3iJTzQ8Eu3TdM14SawnVUmGE6A==}

  end-of-stream@1.4.4:
    resolution: {integrity: sha512-+uw1inIHVPQoaVuHzRyXd21icM+cnt4CzD5rW+NC1wjOUSTOs+Te7FOv7AhN7vS9x/oIyhLP5PR1H+phQAHu5Q==}

  enquirer@2.3.6:
    resolution: {integrity: sha512-yjNnPr315/FjS4zIsUxYguYUPP2e1NK4d7E7ZOLiyYCcbFBiTMyID+2wvm2w6+pZ/odMA7cRkjhsPbltwBOrLg==}
    engines: {node: '>=8.6'}

  escalade@3.2.0:
    resolution: {integrity: sha512-WUj2qlxaQtO4g6Pq5c29GTcWGDyd8itL8zTlipgECz3JesAiiOKotd8JU6otB3PACgG6xkJUyVhboMS+bje/jA==}
    engines: {node: '>=6'}

  escape-string-regexp@1.0.5:
    resolution: {integrity: sha512-vbRorB5FUQWvla16U8R/qgaFIya2qGzwDrNmCZuYKrbdSUMG6I1ZCGQRefkRVhuOkIGVne7BQ35DSfo1qvJqFg==}
    engines: {node: '>=0.8.0'}

  esprima@4.0.1:
    resolution: {integrity: sha512-eGuFFw7Upda+g4p+QHvnW0RyTX/SVeJBDM/gCtMARO0cLuT2HcEKnTPvhjV6aGeqrCB/sbNop0Kszm0jsaWU4A==}
    engines: {node: '>=4'}
    hasBin: true

  figures@3.2.0:
    resolution: {integrity: sha512-yaduQFRKLXYOGgEn6AZau90j3ggSOyiqXU0F9JZfeXYhNa+Jk4X+s45A2zg5jns87GAFa34BBm2kXw4XpNcbdg==}
    engines: {node: '>=8'}

  flat@5.0.2:
    resolution: {integrity: sha512-b6suED+5/3rTpUBdG1gupIl8MPFCAMA0QXwmljLhvCUKcUvdE4gWky9zpuGCcXHOsz4J9wPGNWq6OKpmIzz3hQ==}
    hasBin: true

  follow-redirects@1.15.9:
    resolution: {integrity: sha512-gew4GsXizNgdoRyqmyfMHyAmXsZDk6mHkSxZFCzW9gwlbtOW44CDtYavM+y+72qD/Vq2l550kMF52DT8fOLJqQ==}
    engines: {node: '>=4.0'}
    peerDependencies:
      debug: '*'
    peerDependenciesMeta:
      debug:
        optional: true

  form-data@4.0.1:
    resolution: {integrity: sha512-tzN8e4TX8+kkxGPK8D5u0FNmjPUjw3lwC9lSLxxoB/+GtsJG91CO8bSWy73APlgAZzZbXEYZJuxjkHH2w+Ezhw==}
    engines: {node: '>= 6'}

  front-matter@4.0.2:
    resolution: {integrity: sha512-I8ZuJ/qG92NWX8i5x1Y8qyj3vizhXS31OxjKDu3LKP+7/qBgfIKValiZIEwoVoJKUHlhWtYrktkxV1XsX+pPlg==}

  fs-constants@1.0.0:
    resolution: {integrity: sha512-y6OAwoSIf7FyjMIv94u+b5rdheZEjzR63GTyZJm5qh4Bi+2YgwLCcI/fPFZkL5PSixOt6ZNKm+w+Hfp/Bciwow==}

  get-caller-file@2.0.5:
    resolution: {integrity: sha512-DyFP3BM/3YHTQOCUL/w0OZHR0lpKeGrxotcHWcqNEdnltqFwXVfhEBQ94eIo34AfQpo0rGki4cyIiftY06h2Fg==}
    engines: {node: 6.* || 8.* || >= 10.*}

  globals@11.12.0:
    resolution: {integrity: sha512-WOBp/EEGUiIsJSp7wcv/y6MO+lV9UoncWqxuFfm8eBwzWNgyfBd6Gz+IeKQ9jCmyhoH99g15M3T+QaVHFjizVA==}
    engines: {node: '>=4'}

  graphviz@0.0.9:
    resolution: {integrity: sha512-SmoY2pOtcikmMCqCSy2NO1YsRfu9OO0wpTlOYW++giGjfX1a6gax/m1Fo8IdUd0/3H15cTOfR1SMKwohj4LKsg==}
    engines: {node: '>=0.6.8'}

  has-flag@4.0.0:
    resolution: {integrity: sha512-EykJT/Q1KjTWctppgIAgfSO0tKVuZUjhgMr17kqTumMl6Afv3EISleU7qZUzoXDFTAHTDC4NOoG/ZxU3EvlMPQ==}
    engines: {node: '>=8'}

  hasha@5.2.2:
    resolution: {integrity: sha512-Hrp5vIK/xr5SkeN2onO32H0MgNZ0f17HRNH39WfL0SYUNOTZ5Lz1TJ8Pajo/87dYGEFlLMm7mIc/k/s6Bvz9HQ==}
    engines: {node: '>=8'}

  husky@9.1.7:
    resolution: {integrity: sha512-5gs5ytaNjBrh5Ow3zrvdUUY+0VxIuWVL4i9irt6friV+BqdCfmV11CQTWMiBYWHbXhco+J1kHfTOUkePhCDvMA==}
    engines: {node: '>=18'}
    hasBin: true

  ieee754@1.2.1:
    resolution: {integrity: sha512-dcyqhDvX1C46lXZcVqCpK+FtMRQVdIMN6/Df5js2zouUsqG7I6sFxitIC+7KYK29KdXOLHdu9zL4sFnoVQnqaA==}

  ignore@5.3.2:
    resolution: {integrity: sha512-hsBTNUqQTDwkWtcdYI2i06Y/nUBEsNEDJKjWdigLvegy8kDuJAS8uRlpkkcQpyEXL0Z/pjDy5HBmMjRCJ2gq+g==}
    engines: {node: '>= 4'}

  inherits@2.0.4:
    resolution: {integrity: sha512-k/vGaX4/Yla3WzyMCvTQOXYeIHvqOKtnqBduzTHpzpQZzAskKMhZ2K+EnBiSM9zGSoIFeMpXKxa4dYeZIQqewQ==}

  is-docker@2.2.1:
    resolution: {integrity: sha512-F+i2BKsFrH66iaUFc0woD8sLy8getkwTwtOBjvs56Cx4CgJDeKQeqfz8wAYiSb8JOprWhHH5p77PbmYCvvUuXQ==}
    engines: {node: '>=8'}
    hasBin: true

  is-fullwidth-code-point@3.0.0:
    resolution: {integrity: sha512-zymm5+u+sCsSWyD9qNaejV3DFvhCKclKdizYaJUuHA83RLjb7nSuGnddCHGv0hk+KY7BMAlsWeK4Ueg6EV6XQg==}
    engines: {node: '>=8'}

  is-interactive@1.0.0:
    resolution: {integrity: sha512-2HvIEKRoqS62guEC+qBjpvRubdX910WCMuJTZ+I9yvqKU2/12eSL549HMwtabb4oupdj2sMP50k+XJfB/8JE6w==}
    engines: {node: '>=8'}

  is-stream@2.0.1:
    resolution: {integrity: sha512-hFoiJiTl63nn+kstHGBtewWSKnQLpyb155KHheA1l39uvtO9nWIop1p3udqPcUd/xbF1VLMO4n7OI6p7RbngDg==}
    engines: {node: '>=8'}

  is-unicode-supported@0.1.0:
    resolution: {integrity: sha512-knxG2q4UC3u8stRGyAVJCOdxFmv5DZiRcdlIaAQXAbSfJya+OhopNotLQrstBhququ4ZpuKbDc/8S6mgXgPFPw==}
    engines: {node: '>=10'}

  is-wsl@2.2.0:
    resolution: {integrity: sha512-fKzAra0rGJUUBwGBgNkHZuToZcn+TtXHpeCgmkMJMMYx1sQDYaCSyjJBSCa2nH1DGm7s3n1oBnohoVTBaN7Lww==}
    engines: {node: '>=8'}

  javascript-natural-sort@0.7.1:
    resolution: {integrity: sha512-nO6jcEfZWQXDhOiBtG2KvKyEptz7RVbpGP4vTD2hLBdmNQSsCiicO2Ioinv6UI4y9ukqnBpy+XZ9H6uLNgJTlw==}

  jest-diff@29.7.0:
    resolution: {integrity: sha512-LMIgiIrhigmPrs03JHpxUh2yISK3vLFPkAodPeo0+BuF7wA2FoQbkEg1u8gBYBThncu7e1oEDUfIXVuTqLRUjw==}
    engines: {node: ^14.15.0 || ^16.10.0 || >=18.0.0}

  jest-get-type@29.6.3:
    resolution: {integrity: sha512-zrteXnqYxfQh7l5FHyL38jL39di8H8rHoecLH3JNxH3BwOrBsNeabdap5e0I23lD4HHI8W5VFBZqG4Eaq5LNcw==}
    engines: {node: ^14.15.0 || ^16.10.0 || >=18.0.0}

  js-tokens@4.0.0:
    resolution: {integrity: sha512-RdJUflcE3cUzKiMqQgsCu06FPu9UdIJO0beYbPhHN4k6apgJtifcoCtT9bcxOpYBtpD2kCM6Sbzg4CausW/PKQ==}

  js-yaml@3.14.1:
    resolution: {integrity: sha512-okMH7OXXJ7YrN9Ok3/SXrnu4iX9yOk+25nqX4imS2npuvTYDmo/QEZoqwZkYaIDk3jVvBOTOIEgEhaLOynBS9g==}
    hasBin: true

  jsesc@3.1.0:
    resolution: {integrity: sha512-/sM3dO2FOzXjKQhJuo0Q173wf2KOo8t4I8vHy6lF9poUp7bKT0/NHE8fPX23PwfhnykfqnC2xRxOnVw5XuGIaA==}
    engines: {node: '>=6'}
    hasBin: true

  json5@2.2.3:
    resolution: {integrity: sha512-XmOWe7eyHYH14cLdVPoyg+GOH3rYX++KpzrylJwSW98t3Nk+U8XOl8FWKOgwtzdb8lXGf6zYwDUzeHMWfxasyg==}
    engines: {node: '>=6'}
    hasBin: true

  jsonc-parser@3.2.0:
    resolution: {integrity: sha512-gfFQZrcTc8CnKXp6Y4/CBT3fTc0OVuDofpre4aEeEpSBPV5X5v4+Vmx+8snU7RLPrNHPKSgLxGo9YuQzz20o+w==}

  lines-and-columns@2.0.3:
    resolution: {integrity: sha512-cNOjgCnLB+FnvWWtyRTzmB3POJ+cXxTA81LoW7u8JdmhfXzriropYwpjShnz1QLLWsQwY7nIxoDmcPTwphDK9w==}
    engines: {node: ^12.20.0 || ^14.13.1 || >=16.0.0}

  lodash@4.17.21:
    resolution: {integrity: sha512-v2kDEe57lecTulaDIuNTPy3Ry4gLGJ6Z1O3vE1krgXZNrsQ+LFTGHVxVjcXPs17LhbZVGedAJv8XZ1tvj5FvSg==}

  log-symbols@4.1.0:
    resolution: {integrity: sha512-8XPvpAA8uyhfteu8pIvQxpJZ7SYYdpUivZpGy6sFsBuKRY/7rQGavedeB8aK+Zkyq6upMFVL/9AW6vOYzfRyLg==}
    engines: {node: '>=10'}

  make-error@1.3.6:
    resolution: {integrity: sha512-s8UhlNe7vPKomQhC1qFelMokr/Sc3AgNbso3n74mVPA5LTZwkB9NlXf4XPamLxJE8h0gh73rM94xvwRT2CVInw==}

  mime-db@1.52.0:
    resolution: {integrity: sha512-sPU4uV7dYlvtWJxwwxHD0PuihVNiE7TyAbQ5SWxDCB9mUYvOgroQOwYQQOKPJ8CIbE+1ETVlOoK1UC2nU3gYvg==}
    engines: {node: '>= 0.6'}

  mime-types@2.1.35:
    resolution: {integrity: sha512-ZDY+bPm5zTTF+YpCrAU9nK0UgICYPT0QtT1NZWFv4s++TNkcgVaT0g6+4R2uI4MjQjzysHB1zxuWL50hzaeXiw==}
    engines: {node: '>= 0.6'}

  mimic-fn@2.1.0:
    resolution: {integrity: sha512-OqbOk5oEQeAZ8WXWydlu9HJjz9WVdEIvamMCcXmuqUYjTknH/sqsWvhQ3vgwKFRR1HpjvNBKQ37nbJgYzGqGcg==}
    engines: {node: '>=6'}

  minimatch@9.0.3:
    resolution: {integrity: sha512-RHiac9mvaRw0x3AYRgDC1CxAP7HTcNrrECeA8YYJeWnpo+2Q5CegtZjaotWTWxDG3UeGA1coE05iH1mPjT/2mg==}
    engines: {node: '>=16 || 14 >=14.17'}

  minimist@1.2.8:
    resolution: {integrity: sha512-2yyAR8qBkN3YuheJanUpWC5U3bb5osDywNB8RzDVlDwDHbocAJveqqj1u8+SVD7jkWT4yvsHCpWqqWqAxb0zCA==}

  ms@2.1.3:
    resolution: {integrity: sha512-6FlzubTLZG3J2a/NVCAleEhjzq5oxgHyaCU9yYXvcLsvoVaHJq/s5xXI6/XXP6tz7R9xAOtHnSO/tXtF3WRTlA==}

  node-machine-id@1.1.12:
    resolution: {integrity: sha512-QNABxbrPa3qEIfrE6GOJ7BYIuignnJw7iQ2YPbc3Nla1HzRJjXzZOiikfF8m7eAMfichLt3M4VgLOetqgDmgGQ==}

  npm-run-path@4.0.1:
    resolution: {integrity: sha512-S48WzZW777zhNIrn7gxOlISNAqi9ZC/uQFnRdbeIHhZhCA6UqpkOT8T1G7BvfdgP4Er8gF4sUbaS0i7QvIfCWw==}
    engines: {node: '>=8'}

  nx@20.3.1:
    resolution: {integrity: sha512-pO48DoQAwVKBEF7/od3bc1tHBYfafgiuS/hHX3yGmhpWW58baIlxMWFp6QY9+A9Q0R+26pd6AEGnE7d1f7+i/g==}
    hasBin: true
    peerDependencies:
      '@swc-node/register': ^1.8.0
      '@swc/core': ^1.3.85
    peerDependenciesMeta:
      '@swc-node/register':
        optional: true
      '@swc/core':
        optional: true

  once@1.4.0:
    resolution: {integrity: sha512-lNaJgI+2Q5URQBkccEKHTQOPaXdUxnZZElQTZY0MFUAuaEqe1E+Nyvgdz/aIyNi6Z9MzO5dv1H8n58/GELp3+w==}

  onetime@5.1.2:
    resolution: {integrity: sha512-kbpaSSGJTWdAY5KPVeMOKXSrPtr8C8C7wodJbcsd51jRnmD+GZu8Y0VoU6Dm5Z4vWr0Ig/1NKuWRKf7j5aaYSg==}
    engines: {node: '>=6'}

  open@8.4.2:
    resolution: {integrity: sha512-7x81NCL719oNbsq/3mh+hVrAWmFuEYUqrq/Iw3kUzH8ReypT9QQ0BLoJS7/G9k6N81XjW4qHWtjWwe/9eLy1EQ==}
    engines: {node: '>=12'}

  ora@5.3.0:
    resolution: {integrity: sha512-zAKMgGXUim0Jyd6CXK9lraBnD3H5yPGBPPOkC23a2BG6hsm4Zu6OQSjQuEtV0BHDf4aKHcUFvJiGRrFuW3MG8g==}
    engines: {node: '>=10'}

  path-key@3.1.1:
    resolution: {integrity: sha512-ojmeN0qd+y0jszEtoY48r0Peq5dwMEkIlCOu6Q5f41lfkswXuKtYrhgoTpLnyIcHm24Uhqx+5Tqm2InSwLhE6Q==}
    engines: {node: '>=8'}

  picocolors@1.1.1:
    resolution: {integrity: sha512-xceH2snhtb5M9liqDsmEw56le376mTZkEX/jEb/RxNFyegNul7eNslCXP9FDj/Lcu0X8KEyMceP2ntpaHrDEVA==}

  prettier-plugin-toml@2.0.1:
    resolution: {integrity: sha512-99z1YOkViECHtXQjGIigd3talI/ybUI1zB3yniAwUrlWBXupNXThB1hM6bwSMUEj2/+tomTlMtT98F5t4s8IWA==}
    engines: {node: '>=16.0.0'}
    peerDependencies:
      prettier: ^3.0.3

  prettier@3.4.2:
    resolution: {integrity: sha512-e9MewbtFo+Fevyuxn/4rrcDAaq0IYxPGLvObpQjiZBMAzB9IGmzlnG9RZy3FFas+eBMu2vA0CszMeduow5dIuQ==}
    engines: {node: '>=14'}
    hasBin: true

  pretty-format@29.7.0:
    resolution: {integrity: sha512-Pdlw/oPxN+aXdmM9R00JVC9WVFoCLTKJvDVLgmJ+qAffBMxsV85l/Lu7sNx4zSzPyoL2euImuEwHhOXdEgNFZQ==}
    engines: {node: ^14.15.0 || ^16.10.0 || >=18.0.0}

  proxy-from-env@1.1.0:
    resolution: {integrity: sha512-D+zkORCbA9f1tdWRK0RaCR3GPv50cMxcrz4X8k5LTSUD1Dkw47mKJEZQNunItRTkWwgtaUSo1RVFRIG9ZXiFYg==}

  react-is@18.3.1:
    resolution: {integrity: sha512-/LLMVyas0ljjAtoYiPqYiL8VWXzUUdThrmU5+n20DZv+a+ClRoevUzw5JxU+Ieh5/c87ytoTBV9G1FiKfNJdmg==}

  readable-stream@3.6.2:
    resolution: {integrity: sha512-9u/sniCrY3D5WdsERHzHE4G2YCXqoG5FTHUiCC4SIbr6XcLZBY05ya9EKjYek9O5xOAwjGq+1JdGBAS7Q9ScoA==}
    engines: {node: '>= 6'}

  require-directory@2.1.1:
    resolution: {integrity: sha512-fGxEI7+wsG9xrvdjsrlmL22OMTTiHRwAMroiEeMgq8gzoLC/PQr7RsRDSTLUg/bZAZtF+TVIkHc6/4RIKrui+Q==}
    engines: {node: '>=0.10.0'}

  resolve.exports@2.0.3:
    resolution: {integrity: sha512-OcXjMsGdhL4XnbShKpAcSqPMzQoYkYyhbEaeSko47MjRP9NfEQMhZkXL1DoFlt9LWQn4YttrdnV6X2OiyzBi+A==}
    engines: {node: '>=10'}

  restore-cursor@3.1.0:
    resolution: {integrity: sha512-l+sSefzHpj5qimhFSE5a8nufZYAM3sBSVMAPtYkmC+4EH2anSGaEMXSD0izRQbu9nfyQ9y5JrVmp7E8oZrUjvA==}
    engines: {node: '>=8'}

  safe-buffer@5.2.1:
    resolution: {integrity: sha512-rp3So07KcdmmKbGvgaNxQSJr7bGVSVk5S9Eq1F+ppbRo70+YeaDxkw5Dd8NPN+GD6bjnYm2VuPuCXmpuYvmCXQ==}

  semver@7.6.3:
    resolution: {integrity: sha512-oVekP1cKtI+CTDvHWYFUcMtsK/00wmAEfyqKfNdARm8u1wNVhSgaX7A8d4UuIlUI5e84iEwOhs7ZPYRmzU9U6A==}
    engines: {node: '>=10'}
    hasBin: true

  sha1-file@2.0.1:
    resolution: {integrity: sha512-L4Kum9Lp8cWqcGKycZcXxR6spUoG4idDIUzAKjPiELnIZWxiFlZ5HFVzFxVxuWuGPsrraeL0JoGk0nFZ7AGFEQ==}
    engines: {node: '>=10'}

  signal-exit@3.0.7:
    resolution: {integrity: sha512-wnD2ZE+l+SPC/uoS0vXeE9L1+0wuaMqKlfz9AMUo38JsyLSBWSFcHR1Rri62LZc12vLr1gb3jl7iwQhgwpAbGQ==}

  sprintf-js@1.0.3:
    resolution: {integrity: sha512-D9cPgkvLlV3t3IzL0D0YLvGA9Ahk4PcvVwUbN0dSGr1aP0Nrt4AEnTUbuGvquEC0mA64Gqt1fzirlRs5ibXx8g==}

  string-width@4.2.3:
    resolution: {integrity: sha512-wKyQRQpjJ0sIp62ErSZdGsjMJWsap5oRNihHhu6G7JVO/9jIB6UyevL+tXuOqrng8j/cxKTWyWUwvSTriiZz/g==}
    engines: {node: '>=8'}

  string_decoder@1.3.0:
    resolution: {integrity: sha512-hkRX8U1WjJFd8LsDJ2yQ/wWWxaopEsABU1XfkM8A+j0+85JAGppt16cr1Whg6KIbb4okU6Mql6BOj+uup/wKeA==}

  strip-ansi@6.0.1:
    resolution: {integrity: sha512-Y38VPSHcqkFrCpFnQ9vuSXmquuv5oXOKpGeT6aGrr3o3Gc9AlVa6JBfUSOCnbxGGZF+/0ooI7KrPuUSztUdU5A==}
    engines: {node: '>=8'}

  strip-bom@3.0.0:
    resolution: {integrity: sha512-vavAMRXOgBVNF6nyEEmL3DBK19iRpDcoIwW+swQ+CbGiu7lju6t+JklA1MHweoWtadgt4ISVUsXLyDq34ddcwA==}
    engines: {node: '>=4'}

  supports-color@7.2.0:
    resolution: {integrity: sha512-qpCAvRl9stuOHveKsn7HncJRvv501qIacKzQlO/+Lwxc9+0q2wLyv4Dfvt80/DPn2pqOBsJdDiogXGR9+OvwRw==}
    engines: {node: '>=8'}

  surya@0.4.12:
    resolution: {integrity: sha512-DChWScPkYSeJ7nBOKnfFsQoYrFWgSdA3rgCGSjoWxe4QgCOZ5TPz27d9QpsX3fY94SfDeTmAs7x6iv2AXl+7Hg==}
    hasBin: true

  tar-stream@2.2.0:
    resolution: {integrity: sha512-ujeqbceABgwMZxEJnk2HDY2DlnUZ+9oEcb1KzTVfYHio0UE6dG71n60d8D2I4qNvleWrrXpmjpt7vZeF1LnMZQ==}
    engines: {node: '>=6'}

  temp@0.4.0:
    resolution: {integrity: sha512-IsFisGgDKk7qzK9erMIkQe/XwiSUdac7z3wYOsjcLkhPBy3k1SlvLoIh2dAHIlEpgA971CgguMrx9z8fFg7tSA==}
    engines: {'0': node >=0.4.0}

  tmp@0.2.3:
    resolution: {integrity: sha512-nZD7m9iCPC5g0pYmcaxogYKggSfLsdxl8of3Q/oIbqCqLLIO9IAF0GWjX1z9NZRHPiXv8Wex4yDCaZsgEw0Y8w==}
    engines: {node: '>=14.14'}

  treeify@1.1.0:
    resolution: {integrity: sha512-1m4RA7xVAJrSGrrXGs0L3YTwyvBs2S8PbRHaLZAkFw7JR8oIFwYtysxlBZhYIa7xSyiYJKZ3iGrrk55cGA3i9A==}
    engines: {node: '>=0.6'}

  ts-node@10.9.2:
    resolution: {integrity: sha512-f0FFpIdcHgn8zcPSbf1dRevwt047YMnaiJM3u2w2RewrB+fob/zePZcrOyQoLMMO7aBIddLcQIEK5dYjkLnGrQ==}
    hasBin: true
    peerDependencies:
      '@swc/core': '>=1.2.50'
      '@swc/wasm': '>=1.2.50'
      '@types/node': '*'
      typescript: '>=2.7'
    peerDependenciesMeta:
      '@swc/core':
        optional: true
      '@swc/wasm':
        optional: true

  tsconfig-paths@4.2.0:
    resolution: {integrity: sha512-NoZ4roiN7LnbKn9QqE1amc9DJfzvZXxF4xDavcOWt1BPkdx+m+0gJuPM+S0vCe7zTJMYUP0R8pO2XMr+Y8oLIg==}
    engines: {node: '>=6'}

  tslib@2.8.1:
    resolution: {integrity: sha512-oJFu94HQb+KVduSUQL7wnpmqnfmLsOA/nAh6b6EH0wCEoK0/mPeXU6c3wKDV83MkOuHPRHtSXKKU99IBazS/2w==}

  type-fest@0.8.1:
    resolution: {integrity: sha512-4dbzIzqvjtgiM5rw1k5rEHtBANKmdudhGyBEajN01fEyhaAIhsoKNy6y7+IN93IfpFtwY9iqi7kD+xwKhQsNJA==}
    engines: {node: '>=8'}

  typescript@5.7.3:
    resolution: {integrity: sha512-84MVSjMEHP+FQRPy3pX9sTVV/INIex71s9TL2Gm5FG/WG1SqXeKyZ0k7/blY/4FdOzI12CBy1vGc4og/eus0fw==}
    engines: {node: '>=14.17'}
    hasBin: true

  undici-types@6.20.0:
    resolution: {integrity: sha512-Ny6QZ2Nju20vw1SRHe3d9jVu6gJ+4e3+MMpqu7pqE5HT6WsTSlce++GQmK5UXS8mzV8DSYHrQH+Xrf2jVcuKNg==}

  util-deprecate@1.0.2:
    resolution: {integrity: sha512-EPD5q1uXyFxJpCrLnCc1nHnq3gOa6DZBocAIiI2TaSCA7VCJ1UJDMagCzIkXNsUYfD1daK//LTEQ8xiIbrHtcw==}

  v8-compile-cache-lib@3.0.1:
    resolution: {integrity: sha512-wa7YjyUGfNZngI/vtK0UHAN+lgDCxBPCylVXGp0zu59Fz5aiGtNXaq3DhIov063MorB+VfufLh3JlF2KdTK3xg==}

  wcwidth@1.0.1:
    resolution: {integrity: sha512-XHPEwS0q6TaxcvG85+8EYkbiCux2XtWG2mkc47Ng2A77BQu9+DqIOJldST4HgPkuea7dvKSj5VgX3P1d4rW8Tg==}

  wrap-ansi@7.0.0:
    resolution: {integrity: sha512-YVGIj2kamLSTxw6NsZjoBxfSwsn0ycdesmc4p+Q21c5zPuZ1pl+NfxVdxPtdHvmNVOQ6XSYG4AUtyt/Fi7D16Q==}
    engines: {node: '>=10'}

  wrappy@1.0.2:
    resolution: {integrity: sha512-l4Sp/DRseor9wL6EvV2+TuQn63dMkPjZ/sp9XkghTEbV9KlPS1xUsZ3u7/IQO4wxtcFB4bgpQPRcR3QCvezPcQ==}

  y18n@5.0.8:
    resolution: {integrity: sha512-0pfFzegeDWJHJIAmTLRP2DwHjdF5s7jo9tuztdQxAhINCdvS+3nGINqPd00AphqJR/0LhANUS6/+7SCb98YOfA==}
    engines: {node: '>=10'}

  yaml@2.7.0:
    resolution: {integrity: sha512-+hSoy/QHluxmC9kCIJyL/uyFmLmc+e5CFR5Wa+bpIhIj85LVb9ZH2nVnqrHoSvKogwODv0ClqZkmiSSaIH5LTA==}
    engines: {node: '>= 14'}
    hasBin: true

  yargs-parser@21.1.1:
    resolution: {integrity: sha512-tVpsJW7DdjecAiFpbIB1e3qxIQsE6NoPc5/eTdrbbIC4h0LVsWhnoa3g+m2HclBIujHzsxZ4VJVA+GUuc2/LBw==}
    engines: {node: '>=12'}

  yargs@17.7.2:
    resolution: {integrity: sha512-7dSzzRQ++CKnNI/krKnYRV7JKKPUXMEh61soaHKg9mrWEhzFWhFnxPxGl+69cD1Ou63C13NUPCnmIcrvqCuM6w==}
    engines: {node: '>=12'}

  yn@3.1.1:
    resolution: {integrity: sha512-Ux4ygGWsu2c7isFWe8Yu1YluJmqVhxqK2cLXNQA5AcC3QfbGNpM7fu0Y8b/z16pXLnFxZYvWhd3fhBY9DLmC6Q==}
    engines: {node: '>=6'}

snapshots:

  '@babel/code-frame@7.26.2':
    dependencies:
      '@babel/helper-validator-identifier': 7.25.9
      js-tokens: 4.0.0
      picocolors: 1.1.1

  '@babel/generator@7.26.5':
    dependencies:
      '@babel/parser': 7.26.5
      '@babel/types': 7.26.5
      '@jridgewell/gen-mapping': 0.3.8
      '@jridgewell/trace-mapping': 0.3.25
      jsesc: 3.1.0

  '@babel/helper-string-parser@7.25.9': {}

  '@babel/helper-validator-identifier@7.25.9': {}

  '@babel/parser@7.26.5':
    dependencies:
      '@babel/types': 7.26.5

  '@babel/template@7.25.9':
    dependencies:
      '@babel/code-frame': 7.26.2
      '@babel/parser': 7.26.5
      '@babel/types': 7.26.5

  '@babel/traverse@7.26.5':
    dependencies:
      '@babel/code-frame': 7.26.2
      '@babel/generator': 7.26.5
      '@babel/parser': 7.26.5
      '@babel/template': 7.25.9
      '@babel/types': 7.26.5
      debug: 4.4.0
      globals: 11.12.0
    transitivePeerDependencies:
      - supports-color

  '@babel/types@7.26.5':
    dependencies:
      '@babel/helper-string-parser': 7.25.9
      '@babel/helper-validator-identifier': 7.25.9

  '@cspotcode/source-map-support@0.8.1':
    dependencies:
      '@jridgewell/trace-mapping': 0.3.9

  '@emnapi/core@1.3.1':
    dependencies:
      '@emnapi/wasi-threads': 1.0.1
      tslib: 2.8.1

  '@emnapi/runtime@1.3.1':
    dependencies:
      tslib: 2.8.1

  '@emnapi/wasi-threads@1.0.1':
    dependencies:
      tslib: 2.8.1

  '@jest/schemas@29.6.3':
    dependencies:
      '@sinclair/typebox': 0.27.8

  '@jridgewell/gen-mapping@0.3.8':
    dependencies:
      '@jridgewell/set-array': 1.2.1
      '@jridgewell/sourcemap-codec': 1.5.0
      '@jridgewell/trace-mapping': 0.3.25

  '@jridgewell/resolve-uri@3.1.2': {}

  '@jridgewell/set-array@1.2.1': {}

  '@jridgewell/sourcemap-codec@1.5.0': {}

  '@jridgewell/trace-mapping@0.3.25':
    dependencies:
      '@jridgewell/resolve-uri': 3.1.2
      '@jridgewell/sourcemap-codec': 1.5.0

  '@jridgewell/trace-mapping@0.3.9':
    dependencies:
      '@jridgewell/resolve-uri': 3.1.2
      '@jridgewell/sourcemap-codec': 1.5.0

  '@napi-rs/wasm-runtime@0.2.4':
    dependencies:
      '@emnapi/core': 1.3.1
      '@emnapi/runtime': 1.3.1
      '@tybys/wasm-util': 0.9.0

  '@nx/nx-darwin-arm64@20.3.1':
    optional: true

  '@nx/nx-darwin-x64@20.3.1':
    optional: true

  '@nx/nx-freebsd-x64@20.3.1':
    optional: true

  '@nx/nx-linux-arm-gnueabihf@20.3.1':
    optional: true

  '@nx/nx-linux-arm64-gnu@20.3.1':
    optional: true

  '@nx/nx-linux-arm64-musl@20.3.1':
    optional: true

  '@nx/nx-linux-x64-gnu@20.3.1':
    optional: true

  '@nx/nx-linux-x64-musl@20.3.1':
    optional: true

  '@nx/nx-win32-arm64-msvc@20.3.1':
    optional: true

  '@nx/nx-win32-x64-msvc@20.3.1':
    optional: true

  '@sinclair/typebox@0.27.8': {}

  '@solidity-parser/parser@0.16.2':
    dependencies:
      antlr4ts: 0.5.0-alpha.4

  '@taplo/core@0.1.1': {}

  '@taplo/lib@0.4.0-alpha.2':
    dependencies:
      '@taplo/core': 0.1.1

  '@trivago/prettier-plugin-sort-imports@5.2.1(prettier@3.4.2)':
    dependencies:
      '@babel/generator': 7.26.5
      '@babel/parser': 7.26.5
      '@babel/traverse': 7.26.5
      '@babel/types': 7.26.5
      javascript-natural-sort: 0.7.1
      lodash: 4.17.21
      prettier: 3.4.2
    transitivePeerDependencies:
      - supports-color

  '@tsconfig/node10@1.0.11': {}

  '@tsconfig/node12@1.0.11': {}

  '@tsconfig/node14@1.0.3': {}

  '@tsconfig/node16@1.0.4': {}

  '@tybys/wasm-util@0.9.0':
    dependencies:
      tslib: 2.8.1

  '@types/node@22.10.7':
    dependencies:
      undici-types: 6.20.0

  '@yarnpkg/lockfile@1.1.0': {}

  '@yarnpkg/parsers@3.0.2':
    dependencies:
      js-yaml: 3.14.1
      tslib: 2.8.1

  '@zkochan/js-yaml@0.0.7':
    dependencies:
      argparse: 2.0.1

  acorn-walk@8.3.4:
    dependencies:
      acorn: 8.14.0

  acorn@8.14.0: {}

  ansi-colors@4.1.3: {}

  ansi-regex@5.0.1: {}

  ansi-styles@4.3.0:
    dependencies:
      color-convert: 2.0.1

  ansi-styles@5.2.0: {}

  antlr4ts@0.5.0-alpha.4: {}

  arg@4.1.3: {}

  argparse@1.0.10:
    dependencies:
      sprintf-js: 1.0.3

  argparse@2.0.1: {}

  asynckit@0.4.0: {}

  axios@1.7.9:
    dependencies:
      follow-redirects: 1.15.9
      form-data: 4.0.1
      proxy-from-env: 1.1.0
    transitivePeerDependencies:
      - debug

  balanced-match@1.0.2: {}

  base64-js@1.5.1: {}

  bl@4.1.0:
    dependencies:
      buffer: 5.7.1
      inherits: 2.0.4
      readable-stream: 3.6.2

  brace-expansion@2.0.1:
    dependencies:
      balanced-match: 1.0.2

  buffer@5.7.1:
    dependencies:
      base64-js: 1.5.1
      ieee754: 1.2.1

  c3-linearization@0.3.0: {}

  chalk@4.1.2:
    dependencies:
      ansi-styles: 4.3.0
      supports-color: 7.2.0

  cli-cursor@3.1.0:
    dependencies:
      restore-cursor: 3.1.0

  cli-spinners@2.6.1: {}

  cliui@8.0.1:
    dependencies:
      string-width: 4.2.3
      strip-ansi: 6.0.1
      wrap-ansi: 7.0.0

  clone@1.0.4: {}

  color-convert@2.0.1:
    dependencies:
      color-name: 1.1.4

  color-name@1.1.4: {}

  colors@1.4.0: {}

  combined-stream@1.0.8:
    dependencies:
      delayed-stream: 1.0.0

  create-require@1.1.1: {}

  debug@4.4.0:
    dependencies:
      ms: 2.1.3

  defaults@1.0.4:
    dependencies:
      clone: 1.0.4

  define-lazy-prop@2.0.0: {}

  delayed-stream@1.0.0: {}

  diff-sequences@29.6.3: {}

  diff@4.0.2: {}

  dotenv-expand@11.0.7:
    dependencies:
      dotenv: 16.4.7

  dotenv@16.4.7: {}

  emoji-regex@8.0.0: {}

  end-of-stream@1.4.4:
    dependencies:
      once: 1.4.0

  enquirer@2.3.6:
    dependencies:
      ansi-colors: 4.1.3

  escalade@3.2.0: {}

  escape-string-regexp@1.0.5: {}

  esprima@4.0.1: {}

  figures@3.2.0:
    dependencies:
      escape-string-regexp: 1.0.5

  flat@5.0.2: {}

  follow-redirects@1.15.9: {}

  form-data@4.0.1:
    dependencies:
      asynckit: 0.4.0
      combined-stream: 1.0.8
      mime-types: 2.1.35

  front-matter@4.0.2:
    dependencies:
      js-yaml: 3.14.1

  fs-constants@1.0.0: {}

  get-caller-file@2.0.5: {}

  globals@11.12.0: {}

  graphviz@0.0.9:
    dependencies:
      temp: 0.4.0

  has-flag@4.0.0: {}

  hasha@5.2.2:
    dependencies:
      is-stream: 2.0.1
      type-fest: 0.8.1

  husky@9.1.7: {}

  ieee754@1.2.1: {}

  ignore@5.3.2: {}

  inherits@2.0.4: {}

  is-docker@2.2.1: {}

  is-fullwidth-code-point@3.0.0: {}

  is-interactive@1.0.0: {}

  is-stream@2.0.1: {}

  is-unicode-supported@0.1.0: {}

  is-wsl@2.2.0:
    dependencies:
      is-docker: 2.2.1

  javascript-natural-sort@0.7.1: {}

  jest-diff@29.7.0:
    dependencies:
      chalk: 4.1.2
      diff-sequences: 29.6.3
      jest-get-type: 29.6.3
      pretty-format: 29.7.0

  jest-get-type@29.6.3: {}

  js-tokens@4.0.0: {}

  js-yaml@3.14.1:
    dependencies:
      argparse: 1.0.10
      esprima: 4.0.1

  jsesc@3.1.0: {}

  json5@2.2.3: {}

  jsonc-parser@3.2.0: {}

  lines-and-columns@2.0.3: {}

  lodash@4.17.21: {}

  log-symbols@4.1.0:
    dependencies:
      chalk: 4.1.2
      is-unicode-supported: 0.1.0

  make-error@1.3.6: {}

  mime-db@1.52.0: {}

  mime-types@2.1.35:
    dependencies:
      mime-db: 1.52.0

  mimic-fn@2.1.0: {}

  minimatch@9.0.3:
    dependencies:
      brace-expansion: 2.0.1

  minimist@1.2.8: {}

  ms@2.1.3: {}

  node-machine-id@1.1.12: {}

  npm-run-path@4.0.1:
    dependencies:
      path-key: 3.1.1

  nx@20.3.1:
    dependencies:
      '@napi-rs/wasm-runtime': 0.2.4
      '@yarnpkg/lockfile': 1.1.0
      '@yarnpkg/parsers': 3.0.2
      '@zkochan/js-yaml': 0.0.7
      axios: 1.7.9
      chalk: 4.1.2
      cli-cursor: 3.1.0
      cli-spinners: 2.6.1
      cliui: 8.0.1
      dotenv: 16.4.7
      dotenv-expand: 11.0.7
      enquirer: 2.3.6
      figures: 3.2.0
      flat: 5.0.2
      front-matter: 4.0.2
      ignore: 5.3.2
      jest-diff: 29.7.0
      jsonc-parser: 3.2.0
      lines-and-columns: 2.0.3
      minimatch: 9.0.3
      node-machine-id: 1.1.12
      npm-run-path: 4.0.1
      open: 8.4.2
      ora: 5.3.0
      resolve.exports: 2.0.3
      semver: 7.6.3
      string-width: 4.2.3
      tar-stream: 2.2.0
      tmp: 0.2.3
      tsconfig-paths: 4.2.0
      tslib: 2.8.1
      yaml: 2.7.0
      yargs: 17.7.2
      yargs-parser: 21.1.1
    optionalDependencies:
      '@nx/nx-darwin-arm64': 20.3.1
      '@nx/nx-darwin-x64': 20.3.1
      '@nx/nx-freebsd-x64': 20.3.1
      '@nx/nx-linux-arm-gnueabihf': 20.3.1
      '@nx/nx-linux-arm64-gnu': 20.3.1
      '@nx/nx-linux-arm64-musl': 20.3.1
      '@nx/nx-linux-x64-gnu': 20.3.1
      '@nx/nx-linux-x64-musl': 20.3.1
      '@nx/nx-win32-arm64-msvc': 20.3.1
      '@nx/nx-win32-x64-msvc': 20.3.1
    transitivePeerDependencies:
      - debug

  once@1.4.0:
    dependencies:
      wrappy: 1.0.2

  onetime@5.1.2:
    dependencies:
      mimic-fn: 2.1.0

  open@8.4.2:
    dependencies:
      define-lazy-prop: 2.0.0
      is-docker: 2.2.1
      is-wsl: 2.2.0

  ora@5.3.0:
    dependencies:
      bl: 4.1.0
      chalk: 4.1.2
      cli-cursor: 3.1.0
      cli-spinners: 2.6.1
      is-interactive: 1.0.0
      log-symbols: 4.1.0
      strip-ansi: 6.0.1
      wcwidth: 1.0.1

  path-key@3.1.1: {}

  picocolors@1.1.1: {}

  prettier-plugin-toml@2.0.1(prettier@3.4.2):
    dependencies:
      '@taplo/lib': 0.4.0-alpha.2
      prettier: 3.4.2

  prettier@3.4.2: {}

  pretty-format@29.7.0:
    dependencies:
      '@jest/schemas': 29.6.3
      ansi-styles: 5.2.0
      react-is: 18.3.1

  proxy-from-env@1.1.0: {}

  react-is@18.3.1: {}

  readable-stream@3.6.2:
    dependencies:
      inherits: 2.0.4
      string_decoder: 1.3.0
      util-deprecate: 1.0.2

  require-directory@2.1.1: {}

  resolve.exports@2.0.3: {}

  restore-cursor@3.1.0:
    dependencies:
      onetime: 5.1.2
      signal-exit: 3.0.7

  safe-buffer@5.2.1: {}

  semver@7.6.3: {}

  sha1-file@2.0.1:
    dependencies:
      hasha: 5.2.2

  signal-exit@3.0.7: {}

  sprintf-js@1.0.3: {}

  string-width@4.2.3:
    dependencies:
      emoji-regex: 8.0.0
      is-fullwidth-code-point: 3.0.0
      strip-ansi: 6.0.1

  string_decoder@1.3.0:
    dependencies:
      safe-buffer: 5.2.1

  strip-ansi@6.0.1:
    dependencies:
      ansi-regex: 5.0.1

  strip-bom@3.0.0: {}

  supports-color@7.2.0:
    dependencies:
      has-flag: 4.0.0

  surya@0.4.12:
    dependencies:
      '@solidity-parser/parser': 0.16.2
      c3-linearization: 0.3.0
      colors: 1.4.0
      graphviz: 0.0.9
      sha1-file: 2.0.1
      treeify: 1.1.0
      yargs: 17.7.2

  tar-stream@2.2.0:
    dependencies:
      bl: 4.1.0
      end-of-stream: 1.4.4
      fs-constants: 1.0.0
      inherits: 2.0.4
      readable-stream: 3.6.2

  temp@0.4.0: {}

  tmp@0.2.3: {}

  treeify@1.1.0: {}

  ts-node@10.9.2(@types/node@22.10.7)(typescript@5.7.3):
    dependencies:
      '@cspotcode/source-map-support': 0.8.1
      '@tsconfig/node10': 1.0.11
      '@tsconfig/node12': 1.0.11
      '@tsconfig/node14': 1.0.3
      '@tsconfig/node16': 1.0.4
      '@types/node': 22.10.7
      acorn: 8.14.0
      acorn-walk: 8.3.4
      arg: 4.1.3
      create-require: 1.1.1
      diff: 4.0.2
      make-error: 1.3.6
      typescript: 5.7.3
      v8-compile-cache-lib: 3.0.1
      yn: 3.1.1

  tsconfig-paths@4.2.0:
    dependencies:
      json5: 2.2.3
      minimist: 1.2.8
      strip-bom: 3.0.0

  tslib@2.8.1: {}

  type-fest@0.8.1: {}

  typescript@5.7.3: {}

  undici-types@6.20.0: {}

  util-deprecate@1.0.2: {}

  v8-compile-cache-lib@3.0.1: {}

  wcwidth@1.0.1:
    dependencies:
      defaults: 1.0.4

  wrap-ansi@7.0.0:
    dependencies:
      ansi-styles: 4.3.0
      string-width: 4.2.3
      strip-ansi: 6.0.1

  wrappy@1.0.2: {}

  y18n@5.0.8: {}

  yaml@2.7.0: {}

  yargs-parser@21.1.1: {}

  yargs@17.7.2:
    dependencies:
      cliui: 8.0.1
      escalade: 3.2.0
      get-caller-file: 2.0.5
      require-directory: 2.1.1
      string-width: 4.2.3
      y18n: 5.0.8
      yargs-parser: 21.1.1

  yn@3.1.1: {}
